// !$*UTF8*$!
{
	archiveVersion = 1;
	classes = {
	};
	objectVersion = 50;
	objects = {

/* Begin PBXBuildFile section */
		B3D196EA262BDC440052DE4C /* AppDelegate.swift in Sources */ = {isa = PBXBuildFile; fileRef = B3D196E9262BDC440052DE4C /* AppDelegate.swift */; };
		B3D196EC262BDC440052DE4C /* SceneDelegate.swift in Sources */ = {isa = PBXBuildFile; fileRef = B3D196EB262BDC440052DE4C /* SceneDelegate.swift */; };
		B3D196EE262BDC440052DE4C /* ViewController.swift in Sources */ = {isa = PBXBuildFile; fileRef = B3D196ED262BDC440052DE4C /* ViewController.swift */; };
		B3D196F1262BDC440052DE4C /* Main.storyboard in Resources */ = {isa = PBXBuildFile; fileRef = B3D196EF262BDC440052DE4C /* Main.storyboard */; };
		B3D196F3262BDC470052DE4C /* Assets.xcassets in Resources */ = {isa = PBXBuildFile; fileRef = B3D196F2262BDC470052DE4C /* Assets.xcassets */; };
		B3D196F6262BDC470052DE4C /* LaunchScreen.storyboard in Resources */ = {isa = PBXBuildFile; fileRef = B3D196F4262BDC470052DE4C /* LaunchScreen.storyboard */; };
		B3D19701262BDC480052DE4C /* FlixAppTests.swift in Sources */ = {isa = PBXBuildFile; fileRef = B3D19700262BDC480052DE4C /* FlixAppTests.swift */; };
		B3D1970C262BDC480052DE4C /* FlixAppUITests.swift in Sources */ = {isa = PBXBuildFile; fileRef = B3D1970B262BDC480052DE4C /* FlixAppUITests.swift */; };
/* End PBXBuildFile section */

/* Begin PBXContainerItemProxy section */
		B3D196FD262BDC480052DE4C /* PBXContainerItemProxy */ = {
			isa = PBXContainerItemProxy;
			containerPortal = B3D196DE262BDC440052DE4C /* Project object */;
			proxyType = 1;
			remoteGlobalIDString = B3D196E5262BDC440052DE4C;
			remoteInfo = FlixApp;
		};
		B3D19708262BDC480052DE4C /* PBXContainerItemProxy */ = {
			isa = PBXContainerItemProxy;
			containerPortal = B3D196DE262BDC440052DE4C /* Project object */;
			proxyType = 1;
			remoteGlobalIDString = B3D196E5262BDC440052DE4C;
			remoteInfo = FlixApp;
		};
/* End PBXContainerItemProxy section */

/* Begin PBXFileReference section */
		B3D196E6262BDC440052DE4C /* FlixApp.app */ = {isa = PBXFileReference; explicitFileType = wrapper.application; includeInIndex = 0; path = FlixApp.app; sourceTree = BUILT_PRODUCTS_DIR; };
		B3D196E9262BDC440052DE4C /* AppDelegate.swift */ = {isa = PBXFileReference; lastKnownFileType = sourcecode.swift; path = AppDelegate.swift; sourceTree = "<group>"; };
		B3D196EB262BDC440052DE4C /* SceneDelegate.swift */ = {isa = PBXFileReference; lastKnownFileType = sourcecode.swift; path = SceneDelegate.swift; sourceTree = "<group>"; };
		B3D196ED262BDC440052DE4C /* ViewController.swift */ = {isa = PBXFileReference; lastKnownFileType = sourcecode.swift; path = ViewController.swift; sourceTree = "<group>"; };
		B3D196F0262BDC440052DE4C /* Base */ = {isa = PBXFileReference; lastKnownFileType = file.storyboard; name = Base; path = Base.lproj/Main.storyboard; sourceTree = "<group>"; };
		B3D196F2262BDC470052DE4C /* Assets.xcassets */ = {isa = PBXFileReference; lastKnownFileType = folder.assetcatalog; path = Assets.xcassets; sourceTree = "<group>"; };
		B3D196F5262BDC470052DE4C /* Base */ = {isa = PBXFileReference; lastKnownFileType = file.storyboard; name = Base; path = Base.lproj/LaunchScreen.storyboard; sourceTree = "<group>"; };
		B3D196F7262BDC470052DE4C /* Info.plist */ = {isa = PBXFileReference; lastKnownFileType = text.plist.xml; path = Info.plist; sourceTree = "<group>"; };
		B3D196FC262BDC480052DE4C /* FlixAppTests.xctest */ = {isa = PBXFileReference; explicitFileType = wrapper.cfbundle; includeInIndex = 0; path = FlixAppTests.xctest; sourceTree = BUILT_PRODUCTS_DIR; };
		B3D19700262BDC480052DE4C /* FlixAppTests.swift */ = {isa = PBXFileReference; lastKnownFileType = sourcecode.swift; path = FlixAppTests.swift; sourceTree = "<group>"; };
		B3D19702262BDC480052DE4C /* Info.plist */ = {isa = PBXFileReference; lastKnownFileType = text.plist.xml; path = Info.plist; sourceTree = "<group>"; };
		B3D19707262BDC480052DE4C /* FlixAppUITests.xctest */ = {isa = PBXFileReference; explicitFileType = wrapper.cfbundle; includeInIndex = 0; path = FlixAppUITests.xctest; sourceTree = BUILT_PRODUCTS_DIR; };
		B3D1970B262BDC480052DE4C /* FlixAppUITests.swift */ = {isa = PBXFileReference; lastKnownFileType = sourcecode.swift; path = FlixAppUITests.swift; sourceTree = "<group>"; };
		B3D1970D262BDC480052DE4C /* Info.plist */ = {isa = PBXFileReference; lastKnownFileType = text.plist.xml; path = Info.plist; sourceTree = "<group>"; };
/* End PBXFileReference section */

/* Begin PBXFrameworksBuildPhase section */
		B3D196E3262BDC440052DE4C /* Frameworks */ = {
			isa = PBXFrameworksBuildPhase;
			buildActionMask = 2147483647;
			files = (
			);
			runOnlyForDeploymentPostprocessing = 0;
		};
		B3D196F9262BDC480052DE4C /* Frameworks */ = {
			isa = PBXFrameworksBuildPhase;
			buildActionMask = 2147483647;
			files = (
			);
			runOnlyForDeploymentPostprocessing = 0;
		};
		B3D19704262BDC480052DE4C /* Frameworks */ = {
			isa = PBXFrameworksBuildPhase;
			buildActionMask = 2147483647;
			files = (
			);
			runOnlyForDeploymentPostprocessing = 0;
		};
/* End PBXFrameworksBuildPhase section */

/* Begin PBXGroup section */
		B3D196DD262BDC440052DE4C = {
			isa = PBXGroup;
			children = (
				B3D196E8262BDC440052DE4C /* FlixApp */,
				B3D196FF262BDC480052DE4C /* FlixAppTests */,
				B3D1970A262BDC480052DE4C /* FlixAppUITests */,
				B3D196E7262BDC440052DE4C /* Products */,
			);
			sourceTree = "<group>";
		};
		B3D196E7262BDC440052DE4C /* Products */ = {
			isa = PBXGroup;
			children = (
				B3D196E6262BDC440052DE4C /* FlixApp.app */,
				B3D196FC262BDC480052DE4C /* FlixAppTests.xctest */,
				B3D19707262BDC480052DE4C /* FlixAppUITests.xctest */,
			);
			name = Products;
			sourceTree = "<group>";
		};
		B3D196E8262BDC440052DE4C /* FlixApp */ = {
			isa = PBXGroup;
			children = (
				B3D196E9262BDC440052DE4C /* AppDelegate.swift */,
				B3D196EB262BDC440052DE4C /* SceneDelegate.swift */,
				B3D196ED262BDC440052DE4C /* ViewController.swift */,
				B3D196EF262BDC440052DE4C /* Main.storyboard */,
				B3D196F2262BDC470052DE4C /* Assets.xcassets */,
				B3D196F4262BDC470052DE4C /* LaunchScreen.storyboard */,
				B3D196F7262BDC470052DE4C /* Info.plist */,
			);
			path = FlixApp;
			sourceTree = "<group>";
		};
		B3D196FF262BDC480052DE4C /* FlixAppTests */ = {
			isa = PBXGroup;
			children = (
				B3D19700262BDC480052DE4C /* FlixAppTests.swift */,
				B3D19702262BDC480052DE4C /* Info.plist */,
			);
			path = FlixAppTests;
			sourceTree = "<group>";
		};
		B3D1970A262BDC480052DE4C /* FlixAppUITests */ = {
			isa = PBXGroup;
			children = (
				B3D1970B262BDC480052DE4C /* FlixAppUITests.swift */,
				B3D1970D262BDC480052DE4C /* Info.plist */,
			);
			path = FlixAppUITests;
			sourceTree = "<group>";
		};
/* End PBXGroup section */

/* Begin PBXNativeTarget section */
		B3D196E5262BDC440052DE4C /* FlixApp */ = {
			isa = PBXNativeTarget;
			buildConfigurationList = B3D19710262BDC480052DE4C /* Build configuration list for PBXNativeTarget "FlixApp" */;
			buildPhases = (
				B3D196E2262BDC440052DE4C /* Sources */,
				B3D196E3262BDC440052DE4C /* Frameworks */,
				B3D196E4262BDC440052DE4C /* Resources */,
			);
			buildRules = (
			);
			dependencies = (
			);
			name = FlixApp;
			productName = FlixApp;
			productReference = B3D196E6262BDC440052DE4C /* FlixApp.app */;
			productType = "com.apple.product-type.application";
		};
		B3D196FB262BDC480052DE4C /* FlixAppTests */ = {
			isa = PBXNativeTarget;
			buildConfigurationList = B3D19713262BDC480052DE4C /* Build configuration list for PBXNativeTarget "FlixAppTests" */;
			buildPhases = (
				B3D196F8262BDC480052DE4C /* Sources */,
				B3D196F9262BDC480052DE4C /* Frameworks */,
				B3D196FA262BDC480052DE4C /* Resources */,
			);
			buildRules = (
			);
			dependencies = (
				B3D196FE262BDC480052DE4C /* PBXTargetDependency */,
			);
			name = FlixAppTests;
			productName = FlixAppTests;
			productReference = B3D196FC262BDC480052DE4C /* FlixAppTests.xctest */;
			productType = "com.apple.product-type.bundle.unit-test";
		};
		B3D19706262BDC480052DE4C /* FlixAppUITests */ = {
			isa = PBXNativeTarget;
			buildConfigurationList = B3D19716262BDC480052DE4C /* Build configuration list for PBXNativeTarget "FlixAppUITests" */;
			buildPhases = (
				B3D19703262BDC480052DE4C /* Sources */,
				B3D19704262BDC480052DE4C /* Frameworks */,
				B3D19705262BDC480052DE4C /* Resources */,
			);
			buildRules = (
			);
			dependencies = (
				B3D19709262BDC480052DE4C /* PBXTargetDependency */,
			);
			name = FlixAppUITests;
			productName = FlixAppUITests;
			productReference = B3D19707262BDC480052DE4C /* FlixAppUITests.xctest */;
			productType = "com.apple.product-type.bundle.ui-testing";
		};
/* End PBXNativeTarget section */

/* Begin PBXProject section */
		B3D196DE262BDC440052DE4C /* Project object */ = {
			isa = PBXProject;
			attributes = {
				LastSwiftUpdateCheck = 1240;
				LastUpgradeCheck = 1240;
				TargetAttributes = {
					B3D196E5262BDC440052DE4C = {
						CreatedOnToolsVersion = 12.4;
					};
					B3D196FB262BDC480052DE4C = {
						CreatedOnToolsVersion = 12.4;
						TestTargetID = B3D196E5262BDC440052DE4C;
					};
					B3D19706262BDC480052DE4C = {
						CreatedOnToolsVersion = 12.4;
						TestTargetID = B3D196E5262BDC440052DE4C;
					};
				};
			};
			buildConfigurationList = B3D196E1262BDC440052DE4C /* Build configuration list for PBXProject "FlixApp" */;
			compatibilityVersion = "Xcode 9.3";
			developmentRegion = en;
			hasScannedForEncodings = 0;
			knownRegions = (
				en,
				Base,
			);
			mainGroup = B3D196DD262BDC440052DE4C;
			productRefGroup = B3D196E7262BDC440052DE4C /* Products */;
			projectDirPath = "";
			projectRoot = "";
			targets = (
				B3D196E5262BDC440052DE4C /* FlixApp */,
				B3D196FB262BDC480052DE4C /* FlixAppTests */,
				B3D19706262BDC480052DE4C /* FlixAppUITests */,
			);
		};
/* End PBXProject section */

/* Begin PBXResourcesBuildPhase section */
		B3D196E4262BDC440052DE4C /* Resources */ = {
			isa = PBXResourcesBuildPhase;
			buildActionMask = 2147483647;
			files = (
				B3D196F6262BDC470052DE4C /* LaunchScreen.storyboard in Resources */,
				B3D196F3262BDC470052DE4C /* Assets.xcassets in Resources */,
				B3D196F1262BDC440052DE4C /* Main.storyboard in Resources */,
			);
			runOnlyForDeploymentPostprocessing = 0;
		};
		B3D196FA262BDC480052DE4C /* Resources */ = {
			isa = PBXResourcesBuildPhase;
			buildActionMask = 2147483647;
			files = (
			);
			runOnlyForDeploymentPostprocessing = 0;
		};
		B3D19705262BDC480052DE4C /* Resources */ = {
			isa = PBXResourcesBuildPhase;
			buildActionMask = 2147483647;
			files = (
			);
			runOnlyForDeploymentPostprocessing = 0;
		};
/* End PBXResourcesBuildPhase section */

/* Begin PBXSourcesBuildPhase section */
		B3D196E2262BDC440052DE4C /* Sources */ = {
			isa = PBXSourcesBuildPhase;
			buildActionMask = 2147483647;
			files = (
				B3D196EE262BDC440052DE4C /* ViewController.swift in Sources */,
				B3D196EA262BDC440052DE4C /* AppDelegate.swift in Sources */,
				B3D196EC262BDC440052DE4C /* SceneDelegate.swift in Sources */,
			);
			runOnlyForDeploymentPostprocessing = 0;
		};
		B3D196F8262BDC480052DE4C /* Sources */ = {
			isa = PBXSourcesBuildPhase;
			buildActionMask = 2147483647;
			files = (
				B3D19701262BDC480052DE4C /* FlixAppTests.swift in Sources */,
			);
			runOnlyForDeploymentPostprocessing = 0;
		};
		B3D19703262BDC480052DE4C /* Sources */ = {
			isa = PBXSourcesBuildPhase;
			buildActionMask = 2147483647;
			files = (
				B3D1970C262BDC480052DE4C /* FlixAppUITests.swift in Sources */,
			);
			runOnlyForDeploymentPostprocessing = 0;
		};
/* End PBXSourcesBuildPhase section */

/* Begin PBXTargetDependency section */
		B3D196FE262BDC480052DE4C /* PBXTargetDependency */ = {
			isa = PBXTargetDependency;
			target = B3D196E5262BDC440052DE4C /* FlixApp */;
			targetProxy = B3D196FD262BDC480052DE4C /* PBXContainerItemProxy */;
		};
		B3D19709262BDC480052DE4C /* PBXTargetDependency */ = {
			isa = PBXTargetDependency;
			target = B3D196E5262BDC440052DE4C /* FlixApp */;
			targetProxy = B3D19708262BDC480052DE4C /* PBXContainerItemProxy */;
		};
/* End PBXTargetDependency section */

/* Begin PBXVariantGroup section */
		B3D196EF262BDC440052DE4C /* Main.storyboard */ = {
			isa = PBXVariantGroup;
			children = (
				B3D196F0262BDC440052DE4C /* Base */,
			);
			name = Main.storyboard;
			sourceTree = "<group>";
		};
		B3D196F4262BDC470052DE4C /* LaunchScreen.storyboard */ = {
			isa = PBXVariantGroup;
			children = (
				B3D196F5262BDC470052DE4C /* Base */,
			);
			name = LaunchScreen.storyboard;
			sourceTree = "<group>";
		};
/* End PBXVariantGroup section */

/* Begin XCBuildConfiguration section */
		B3D1970E262BDC480052DE4C /* Debug */ = {
			isa = XCBuildConfiguration;
			buildSettings = {
				ALWAYS_SEARCH_USER_PATHS = NO;
				CLANG_ANALYZER_NONNULL = YES;
				CLANG_ANALYZER_NUMBER_OBJECT_CONVERSION = YES_AGGRESSIVE;
				CLANG_CXX_LANGUAGE_STANDARD = "gnu++14";
				CLANG_CXX_LIBRARY = "libc++";
				CLANG_ENABLE_MODULES = YES;
				CLANG_ENABLE_OBJC_ARC = YES;
				CLANG_ENABLE_OBJC_WEAK = YES;
				CLANG_WARN_BLOCK_CAPTURE_AUTORELEASING = YES;
				CLANG_WARN_BOOL_CONVERSION = YES;
				CLANG_WARN_COMMA = YES;
				CLANG_WARN_CONSTANT_CONVERSION = YES;
				CLANG_WARN_DEPRECATED_OBJC_IMPLEMENTATIONS = YES;
				CLANG_WARN_DIRECT_OBJC_ISA_USAGE = YES_ERROR;
				CLANG_WARN_DOCUMENTATION_COMMENTS = YES;
				CLANG_WARN_EMPTY_BODY = YES;
				CLANG_WARN_ENUM_CONVERSION = YES;
				CLANG_WARN_INFINITE_RECURSION = YES;
				CLANG_WARN_INT_CONVERSION = YES;
				CLANG_WARN_NON_LITERAL_NULL_CONVERSION = YES;
				CLANG_WARN_OBJC_IMPLICIT_RETAIN_SELF = YES;
				CLANG_WARN_OBJC_LITERAL_CONVERSION = YES;
				CLANG_WARN_OBJC_ROOT_CLASS = YES_ERROR;
				CLANG_WARN_QUOTED_INCLUDE_IN_FRAMEWORK_HEADER = YES;
				CLANG_WARN_RANGE_LOOP_ANALYSIS = YES;
				CLANG_WARN_STRICT_PROTOTYPES = YES;
				CLANG_WARN_SUSPICIOUS_MOVE = YES;
				CLANG_WARN_UNGUARDED_AVAILABILITY = YES_AGGRESSIVE;
				CLANG_WARN_UNREACHABLE_CODE = YES;
				CLANG_WARN__DUPLICATE_METHOD_MATCH = YES;
				COPY_PHASE_STRIP = NO;
				DEBUG_INFORMATION_FORMAT = dwarf;
				ENABLE_STRICT_OBJC_MSGSEND = YES;
				ENABLE_TESTABILITY = YES;
				GCC_C_LANGUAGE_STANDARD = gnu11;
				GCC_DYNAMIC_NO_PIC = NO;
				GCC_NO_COMMON_BLOCKS = YES;
				GCC_OPTIMIZATION_LEVEL = 0;
				GCC_PREPROCESSOR_DEFINITIONS = (
					"DEBUG=1",
					"$(inherited)",
				);
				GCC_WARN_64_TO_32_BIT_CONVERSION = YES;
				GCC_WARN_ABOUT_RETURN_TYPE = YES_ERROR;
				GCC_WARN_UNDECLARED_SELECTOR = YES;
				GCC_WARN_UNINITIALIZED_AUTOS = YES_AGGRESSIVE;
				GCC_WARN_UNUSED_FUNCTION = YES;
				GCC_WARN_UNUSED_VARIABLE = YES;
				IPHONEOS_DEPLOYMENT_TARGET = 14.4;
				MTL_ENABLE_DEBUG_INFO = INCLUDE_SOURCE;
				MTL_FAST_MATH = YES;
				ONLY_ACTIVE_ARCH = YES;
				SDKROOT = iphoneos;
				SWIFT_ACTIVE_COMPILATION_CONDITIONS = DEBUG;
				SWIFT_OPTIMIZATION_LEVEL = "-Onone";
			};
			name = Debug;
		};
		B3D1970F262BDC480052DE4C /* Release */ = {
			isa = XCBuildConfiguration;
			buildSettings = {
				ALWAYS_SEARCH_USER_PATHS = NO;
				CLANG_ANALYZER_NONNULL = YES;
				CLANG_ANALYZER_NUMBER_OBJECT_CONVERSION = YES_AGGRESSIVE;
				CLANG_CXX_LANGUAGE_STANDARD = "gnu++14";
				CLANG_CXX_LIBRARY = "libc++";
				CLANG_ENABLE_MODULES = YES;
				CLANG_ENABLE_OBJC_ARC = YES;
				CLANG_ENABLE_OBJC_WEAK = YES;
				CLANG_WARN_BLOCK_CAPTURE_AUTORELEASING = YES;
				CLANG_WARN_BOOL_CONVERSION = YES;
				CLANG_WARN_COMMA = YES;
				CLANG_WARN_CONSTANT_CONVERSION = YES;
				CLANG_WARN_DEPRECATED_OBJC_IMPLEMENTATIONS = YES;
				CLANG_WARN_DIRECT_OBJC_ISA_USAGE = YES_ERROR;
				CLANG_WARN_DOCUMENTATION_COMMENTS = YES;
				CLANG_WARN_EMPTY_BODY = YES;
				CLANG_WARN_ENUM_CONVERSION = YES;
				CLANG_WARN_INFINITE_RECURSION = YES;
				CLANG_WARN_INT_CONVERSION = YES;
				CLANG_WARN_NON_LITERAL_NULL_CONVERSION = YES;
				CLANG_WARN_OBJC_IMPLICIT_RETAIN_SELF = YES;
				CLANG_WARN_OBJC_LITERAL_CONVERSION = YES;
				CLANG_WARN_OBJC_ROOT_CLASS = YES_ERROR;
				CLANG_WARN_QUOTED_INCLUDE_IN_FRAMEWORK_HEADER = YES;
				CLANG_WARN_RANGE_LOOP_ANALYSIS = YES;
				CLANG_WARN_STRICT_PROTOTYPES = YES;
				CLANG_WARN_SUSPICIOUS_MOVE = YES;
				CLANG_WARN_UNGUARDED_AVAILABILITY = YES_AGGRESSIVE;
				CLANG_WARN_UNREACHABLE_CODE = YES;
				CLANG_WARN__DUPLICATE_METHOD_MATCH = YES;
				COPY_PHASE_STRIP = NO;
				DEBUG_INFORMATION_FORMAT = "dwarf-with-dsym";
				ENABLE_NS_ASSERTIONS = NO;
				ENABLE_STRICT_OBJC_MSGSEND = YES;
				GCC_C_LANGUAGE_STANDARD = gnu11;
				GCC_NO_COMMON_BLOCKS = YES;
				GCC_WARN_64_TO_32_BIT_CONVERSION = YES;
				GCC_WARN_ABOUT_RETURN_TYPE = YES_ERROR;
				GCC_WARN_UNDECLARED_SELECTOR = YES;
				GCC_WARN_UNINITIALIZED_AUTOS = YES_AGGRESSIVE;
				GCC_WARN_UNUSED_FUNCTION = YES;
				GCC_WARN_UNUSED_VARIABLE = YES;
				IPHONEOS_DEPLOYMENT_TARGET = 14.4;
				MTL_ENABLE_DEBUG_INFO = NO;
				MTL_FAST_MATH = YES;
				SDKROOT = iphoneos;
				SWIFT_COMPILATION_MODE = wholemodule;
				SWIFT_OPTIMIZATION_LEVEL = "-O";
				VALIDATE_PRODUCT = YES;
			};
			name = Release;
		};
		B3D19711262BDC480052DE4C /* Debug */ = {
			isa = XCBuildConfiguration;
			buildSettings = {
				ASSETCATALOG_COMPILER_APPICON_NAME = AppIcon;
				ASSETCATALOG_COMPILER_GLOBAL_ACCENT_COLOR_NAME = AccentColor;
				CODE_SIGN_STYLE = Automatic;
				INFOPLIST_FILE = FlixApp/Info.plist;
				LD_RUNPATH_SEARCH_PATHS = (
					"$(inherited)",
					"@executable_path/Frameworks",
				);
				PRODUCT_BUNDLE_IDENTIFIER = memo.com.FlixApp;
				PRODUCT_NAME = "$(TARGET_NAME)";
				SWIFT_VERSION = 5.0;
				TARGETED_DEVICE_FAMILY = "1,2";
			};
			name = Debug;
		};
		B3D19712262BDC480052DE4C /* Release */ = {
			isa = XCBuildConfiguration;
			buildSettings = {
				ASSETCATALOG_COMPILER_APPICON_NAME = AppIcon;
				ASSETCATALOG_COMPILER_GLOBAL_ACCENT_COLOR_NAME = AccentColor;
				CODE_SIGN_STYLE = Automatic;
				INFOPLIST_FILE = FlixApp/Info.plist;
				LD_RUNPATH_SEARCH_PATHS = (
					"$(inherited)",
					"@executable_path/Frameworks",
				);
				PRODUCT_BUNDLE_IDENTIFIER = memo.com.FlixApp;
				PRODUCT_NAME = "$(TARGET_NAME)";
				SWIFT_VERSION = 5.0;
				TARGETED_DEVICE_FAMILY = "1,2";
			};
			name = Release;
		};
		B3D19714262BDC480052DE4C /* Debug */ = {
			isa = XCBuildConfiguration;
			buildSettings = {
				ALWAYS_EMBED_SWIFT_STANDARD_LIBRARIES = YES;
				BUNDLE_LOADER = "$(TEST_HOST)";
				CODE_SIGN_STYLE = Automatic;
				INFOPLIST_FILE = FlixAppTests/Info.plist;
				IPHONEOS_DEPLOYMENT_TARGET = 14.4;
				LD_RUNPATH_SEARCH_PATHS = (
					"$(inherited)",
					"@executable_path/Frameworks",
					"@loader_path/Frameworks",
				);
				PRODUCT_BUNDLE_IDENTIFIER = memo.com.FlixAppTests;
				PRODUCT_NAME = "$(TARGET_NAME)";
				SWIFT_VERSION = 5.0;
				TARGETED_DEVICE_FAMILY = "1,2";
				TEST_HOST = "$(BUILT_PRODUCTS_DIR)/FlixApp.app/FlixApp";
			};
			name = Debug;
		};
		B3D19715262BDC480052DE4C /* Release */ = {
			isa = XCBuildConfiguration;
			buildSettings = {
				ALWAYS_EMBED_SWIFT_STANDARD_LIBRARIES = YES;
				BUNDLE_LOADER = "$(TEST_HOST)";
				CODE_SIGN_STYLE = Automatic;
				INFOPLIST_FILE = FlixAppTests/Info.plist;
				IPHONEOS_DEPLOYMENT_TARGET = 14.4;
				LD_RUNPATH_SEARCH_PATHS = (
					"$(inherited)",
					"@executable_path/Frameworks",
					"@loader_path/Frameworks",
				);
				PRODUCT_BUNDLE_IDENTIFIER = memo.com.FlixAppTests;
				PRODUCT_NAME = "$(TARGET_NAME)";
				SWIFT_VERSION = 5.0;
				TARGETED_DEVICE_FAMILY = "1,2";
				TEST_HOST = "$(BUILT_PRODUCTS_DIR)/FlixApp.app/FlixApp";
			};
			name = Release;
		};
		B3D19717262BDC480052DE4C /* Debug */ = {
			isa = XCBuildConfiguration;
			buildSettings = {
				ALWAYS_EMBED_SWIFT_STANDARD_LIBRARIES = YES;
				CODE_SIGN_STYLE = Automatic;
				INFOPLIST_FILE = FlixAppUITests/Info.plist;
				LD_RUNPATH_SEARCH_PATHS = (
					"$(inherited)",
					"@executable_path/Frameworks",
					"@loader_path/Frameworks",
				);
				PRODUCT_BUNDLE_IDENTIFIER = memo.com.FlixAppUITests;
				PRODUCT_NAME = "$(TARGET_NAME)";
				SWIFT_VERSION = 5.0;
				TARGETED_DEVICE_FAMILY = "1,2";
				TEST_TARGET_NAME = FlixApp;
			};
			name = Debug;
		};
		B3D19718262BDC480052DE4C /* Release */ = {
			isa = XCBuildConfiguration;
			buildSettings = {
				ALWAYS_EMBED_SWIFT_STANDARD_LIBRARIES = YES;
				CODE_SIGN_STYLE = Automatic;
				INFOPLIST_FILE = FlixAppUITests/Info.plist;
				LD_RUNPATH_SEARCH_PATHS = (
					"$(inherited)",
					"@executable_path/Frameworks",
					"@loader_path/Frameworks",
				);
				PRODUCT_BUNDLE_IDENTIFIER = memo.com.FlixAppUITests;
				PRODUCT_NAME = "$(TARGET_NAME)";
				SWIFT_VERSION = 5.0;
				TARGETED_DEVICE_FAMILY = "1,2";
				TEST_TARGET_NAME = FlixApp;
			};
			name = Release;
		};
/* End XCBuildConfiguration section */

/* Begin XCConfigurationList section */
		B3D196E1262BDC440052DE4C /* Build configuration list for PBXProject "FlixApp" */ = {
			isa = XCConfigurationList;
			buildConfigurations = (
				B3D1970E262BDC480052DE4C /* Debug */,
				B3D1970F262BDC480052DE4C /* Release */,
			);
			defaultConfigurationIsVisible = 0;
			defaultConfigurationName = Release;
		};
		B3D19710262BDC480052DE4C /* Build configuration list for PBXNativeTarget "FlixApp" */ = {
			isa = XCConfigurationList;
			buildConfigurations = (
				B3D19711262BDC480052DE4C /* Debug */,
				B3D19712262BDC480052DE4C /* Release */,
			);
			defaultConfigurationIsVisible = 0;
			defaultConfigurationName = Release;
		};
		B3D19713262BDC480052DE4C /* Build configuration list for PBXNativeTarget "FlixAppTests" */ = {
			isa = XCConfigurationList;
			buildConfigurations = (
				B3D19714262BDC480052DE4C /* Debug */,
				B3D19715262BDC480052DE4C /* Release */,
			);
			defaultConfigurationIsVisible = 0;
			defaultConfigurationName = Release;
		};
		B3D19716262BDC480052DE4C /* Build configuration list for PBXNativeTarget "FlixAppUITests" */ = {
			isa = XCConfigurationList;
			buildConfigurations = (
				B3D19717262BDC480052DE4C /* Debug */,
				B3D19718262BDC480052DE4C /* Release */,
			);
			defaultConfigurationIsVisible = 0;
			defaultConfigurationName = Release;
		};
/* End XCConfigurationList section */
	};
	rootObject = B3D196DE262BDC440052DE4C /* Project object */;
}
